<?xml version="1.0" encoding="utf-8"?>
<Project ToolsVersion="4.0" xmlns="http://schemas.microsoft.com/developer/msbuild/2003">
  <ItemGroup>
    <Filter Include="Src">
      <UniqueIdentifier>{b41803e0-21e1-4605-b0ae-9ce2ddf4f9b5}</UniqueIdentifier>
    </Filter>
    <Filter Include="Scripts">
      <UniqueIdentifier>{e93f873c-ed9b-486c-ae94-0c2909dadd6e}</UniqueIdentifier>
    </Filter>
  </ItemGroup>
  <ItemGroup>
    <ClCompile Include="Src\main.cpp">
      <Filter>Src</Filter>
    </ClCompile>
  </ItemGroup>
  <ItemGroup>
    <None Include="Scripts\App.py">
      <Filter>Scripts</Filter>
    </None>
    <None Include="Scripts\Session.py">
      <Filter>Scripts</Filter>
    </None>
  </ItemGroup>
</Project>